
Microsoft Visual Studio Solution File, Format Version 12.00
# Visual Studio Version 17
VisualStudioVersion = 17.7.34031.279
MinimumVisualStudioVersion = 10.0.40219.1
Project("{FAE04EC0-301F-11D3-BF4B-00C04F79EFBC}") = "CM_API_DAPPER", "CM_API_DAPPER\CM_API_DAPPER.csproj", "{1B0094C1-E16A-4F36-8001-D8811F83C6F7}"
EndProject
Global
	GlobalSection(SolutionConfigurationPlatforms) = preSolution
		Debug|Any CPU = Debug|Any CPU
		Release|Any CPU = Release|Any CPU
	EndGlobalSection
	GlobalSection(ProjectConfigurationPlatforms) = postSolution
		{1B0094C1-E16A-4F36-8001-D8811F83C6F7}.Debug|Any CPU.ActiveCfg = Debug|Any CPU
		{1B0094C1-E16A-4F36-8001-D8811F83C6F7}.Debug|Any CPU.Build.0 = Debug|Any CPU
		{1B0094C1-E16A-4F36-8001-D8811F83C6F7}.Release|Any CPU.ActiveCfg = Release|Any CPU
		{1B0094C1-E16A-4F36-8001-D8811F83C6F7}.Release|Any CPU.Build.0 = Release|Any CPU
	EndGlobalSection
	GlobalSection(SolutionProperties) = preSolution
		HideSolutionNode = FALSE
	EndGlobalSection
	GlobalSection(ExtensibilityGlobals) = postSolution
		SolutionGuid = {674D0C08-B7C3-4B19-8032-969951922B50}
	EndGlobalSection
EndGlobal
